
Microsoft Visual Studio Solution File, Format Version 12.00
# Visual Studio Version 16
VisualStudioVersion = 16.0.32228.343
MinimumVisualStudioVersion = 10.0.40219.1
Project("{FAE04EC0-301F-11D3-BF4B-00C04F79EFBC}") = "HelpDesk", "HelpDesk\HelpDesk.csproj", "{8C549021-65BD-41DC-AD36-96C827B7ED94}"
EndProject
Project("{FAE04EC0-301F-11D3-BF4B-00C04F79EFBC}") = "HelpDeskData", "HelpDeskData\HelpDeskData.csproj", "{331B876B-F164-4407-B90E-9232D8F74E08}"
EndProject
Global
	GlobalSection(SolutionConfigurationPlatforms) = preSolution
		Debug|Any CPU = Debug|Any CPU
		Release|Any CPU = Release|Any CPU
	EndGlobalSection
	GlobalSection(ProjectConfigurationPlatforms) = postSolution
		{8C549021-65BD-41DC-AD36-96C827B7ED94}.Debug|Any CPU.ActiveCfg = Debug|Any CPU
		{8C549021-65BD-41DC-AD36-96C827B7ED94}.Debug|Any CPU.Build.0 = Debug|Any CPU
		{8C549021-65BD-41DC-AD36-96C827B7ED94}.Release|Any CPU.ActiveCfg = Release|Any CPU
		{8C549021-65BD-41DC-AD36-96C827B7ED94}.Release|Any CPU.Build.0 = Release|Any CPU
		{331B876B-F164-4407-B90E-9232D8F74E08}.Debug|Any CPU.ActiveCfg = Debug|Any CPU
		{331B876B-F164-4407-B90E-9232D8F74E08}.Debug|Any CPU.Build.0 = Debug|Any CPU
		{331B876B-F164-4407-B90E-9232D8F74E08}.Release|Any CPU.ActiveCfg = Release|Any CPU
		{331B876B-F164-4407-B90E-9232D8F74E08}.Release|Any CPU.Build.0 = Release|Any CPU
	EndGlobalSection
	GlobalSection(SolutionProperties) = preSolution
		HideSolutionNode = FALSE
	EndGlobalSection
	GlobalSection(ExtensibilityGlobals) = postSolution
		SolutionGuid = {2A1ADE3D-1A32-4DA9-8A83-99461553942B}
	EndGlobalSection
EndGlobal
